
Microsoft Visual Studio Solution File, Format Version 12.00
# Visual Studio Version 17
VisualStudioVersion = 17.0.31912.275
MinimumVisualStudioVersion = 10.0.40219.1
Project("{FAE04EC0-301F-11D3-BF4B-00C04F79EFBC}") = "WebApp", "WebApp\WebApp.csproj", "{ABB27104-F94E-45D2-ADFD-B067F85E8E68}"
EndProject
Global
	GlobalSection(SolutionConfigurationPlatforms) = preSolution
		Debug|Any CPU = Debug|Any CPU
		Release|Any CPU = Release|Any CPU
	EndGlobalSection
	GlobalSection(ProjectConfigurationPlatforms) = postSolution
		{ABB27104-F94E-45D2-ADFD-B067F85E8E68}.Debug|Any CPU.ActiveCfg = Debug|Any CPU
		{ABB27104-F94E-45D2-ADFD-B067F85E8E68}.Debug|Any CPU.Build.0 = Debug|Any CPU
		{ABB27104-F94E-45D2-ADFD-B067F85E8E68}.Release|Any CPU.ActiveCfg = Release|Any CPU
		{ABB27104-F94E-45D2-ADFD-B067F85E8E68}.Release|Any CPU.Build.0 = Release|Any CPU
	EndGlobalSection
	GlobalSection(SolutionProperties) = preSolution
		HideSolutionNode = FALSE
	EndGlobalSection
	GlobalSection(ExtensibilityGlobals) = postSolution
		SolutionGuid = {8C1FDCBC-8DE2-4DCC-9395-1C9850717141}
	EndGlobalSection
EndGlobal
